<?xml version="1.0" encoding="utf-8"?>
<Project ToolsVersion="4.0" xmlns="http://schemas.microsoft.com/developer/msbuild/2003">
  <ItemGroup>
    <Filter Include="Source Files">
      <UniqueIdentifier>{4FC737F1-C7A5-4376-A066-2A32D752A2FF}</UniqueIdentifier>
      <Extensions>cpp;c;cc;cxx;def;odl;idl;hpj;bat;asm;asmx</Extensions>
    </Filter>
    <Filter Include="Header Files">
      <UniqueIdentifier>{93995380-89BD-4b04-88EB-625FBE52EBFB}</UniqueIdentifier>
      <Extensions>h;hh;hpp;hxx;hm;inl;inc;xsd</Extensions>
    </Filter>
    <Filter Include="Resource Files">
      <UniqueIdentifier>{67DA6AB6-F800-4c08-8B7A-83BB121AAD01}</UniqueIdentifier>
      <Extensions>rc;ico;cur;bmp;dlg;rc2;rct;bin;rgs;gif;jpg;jpeg;jpe;resx;tiff;tif;png;wav;mfcribbon-ms</Extensions>
    </Filter>
    <Filter Include="Source Files\jnetlib">
      <UniqueIdentifier>{890b94fb-3426-4572-93fd-3a4a1fcff7f3}</UniqueIdentifier>
    </Filter>
  </ItemGroup>
  <ItemGroup>
    <ClCompile Include="csurf_www.cpp">
      <Filter>Source Files</Filter>
    </ClCompile>
    <ClCompile Include="..\..\WDL\jnetlib\asyncdns.cpp">
      <Filter>Source Files\jnetlib</Filter>
    </ClCompile>
    <ClCompile Include="..\..\WDL\jnetlib\connection.cpp">
      <Filter>Source Files\jnetlib</Filter>
    </ClCompile>
    <ClCompile Include="..\..\WDL\jnetlib\httpserv.cpp">
      <Filter>Source Files\jnetlib</Filter>
    </ClCompile>
    <ClCompile Include="..\..\WDL\jnetlib\listen.cpp">
      <Filter>Source Files\jnetlib</Filter>
    </ClCompile>
    <ClCompile Include="..\..\WDL\jnetlib\util.cpp">
      <Filter>Source Files\jnetlib</Filter>
    </ClCompile>
    <ClCompile Include="..\..\WDL\jnetlib\webserver.cpp">
      <Filter>Source Files\jnetlib</Filter>
    </ClCompile>
  </ItemGroup>
  <ItemGroup>
    <ClCompile Include=".\csurf_01X.cpp">
      <Filter>Source Files</Filter>
    </ClCompile>
    <ClCompile Include=".\csurf_alphatrack.cpp">
      <Filter>Source Files</Filter>
    </ClCompile>
    <ClCompile Include=".\csurf_babyhui.cpp">
      <Filter>Source Files</Filter>
    </ClCompile>
    <ClCompile Include=".\csurf_bcf2000.cpp">
      <Filter>Source Files</Filter>
    </ClCompile>
    <ClCompile Include=".\csurf_faderport.cpp">
      <Filter>Source Files</Filter>
    </ClCompile>
    <ClCompile Include=".\csurf_mcu.cpp">
      <Filter>Source Files</Filter>
    </ClCompile>
    <ClCompile Include=".\csurf_osc.cpp">
      <Filter>Source Files</Filter>
    </ClCompile>
    <ClCompile Include=".\csurf_tranzport.cpp">
      <Filter>Source Files</Filter>
    </ClCompile>
    <ClCompile Include=".\csurf_main.cpp">
      <Filter>Source Files</Filter>
    </ClCompile>
    <ClCompile Include=".\osc.cpp">
      <Filter>Source Files</Filter>
    </ClCompile>
    <ClCompile Include=".\osc_message.cpp">
      <Filter>Source Files</Filter>
    </ClCompile>
  </ItemGroup>
  <ItemGroup>
    <ClInclude Include=".\csurf.h">
      <Filter>Header Files</Filter>
    </ClInclude>
    <ClInclude Include=".\osc.h">
      <Filter>Header Files</Filter>
    </ClInclude>
    <ClInclude Include="..\reaper_plugin.h">
      <Filter>Header Files</Filter>
    </ClInclude>
    <ClInclude Include=".\resource.h">
      <Filter>Header Files</Filter>
    </ClInclude>
  </ItemGroup>
  <ItemGroup>
    <ResourceCompile Include=".\res.rc">
      <Filter>Resource Files</Filter>
    </ResourceCompile>
  </ItemGroup>
</Project>
